
Microsoft Visual Studio Solution File, Format Version 12.00
# Visual Studio Version 16
VisualStudioVersion = 16.0.30907.101
MinimumVisualStudioVersion = 10.0.40219.1
Project("{FAE04EC0-301F-11D3-BF4B-00C04F79EFBC}") = "ClassMethodsDemos", "ClassMethodsDemos.csproj", "{A6611D75-1C43-4AD4-9641-3E5440CDF287}"
EndProject
Global
	GlobalSection(SolutionConfigurationPlatforms) = preSolution
		Debug|Any CPU = Debug|Any CPU
		Release|Any CPU = Release|Any CPU
	EndGlobalSection
	GlobalSection(ProjectConfigurationPlatforms) = postSolution
		{A6611D75-1C43-4AD4-9641-3E5440CDF287}.Debug|Any CPU.ActiveCfg = Debug|Any CPU
		{A6611D75-1C43-4AD4-9641-3E5440CDF287}.Debug|Any CPU.Build.0 = Debug|Any CPU
		{A6611D75-1C43-4AD4-9641-3E5440CDF287}.Release|Any CPU.ActiveCfg = Release|Any CPU
		{A6611D75-1C43-4AD4-9641-3E5440CDF287}.Release|Any CPU.Build.0 = Release|Any CPU
	EndGlobalSection
	GlobalSection(SolutionProperties) = preSolution
		HideSolutionNode = FALSE
	EndGlobalSection
	GlobalSection(ExtensibilityGlobals) = postSolution
		SolutionGuid = {4CBBA178-E23A-4325-B5CB-7E885B3FDDA7}
	EndGlobalSection
EndGlobal
